
Microsoft Visual Studio Solution File, Format Version 12.00
# Visual Studio Version 17
VisualStudioVersion = 17.11.35312.102
MinimumVisualStudioVersion = 10.0.40219.1
Project("{FAE04EC0-301F-11D3-BF4B-00C04F79EFBC}") = "Fall2024-Assignment1-sbillante", "Fall2024-Assignment1-sbillante\Fall2024-Assignment1-sbillante.csproj", "{86A320C9-2DD1-40FB-8B57-0BCCE9F377C9}"
EndProject
Global
	GlobalSection(SolutionConfigurationPlatforms) = preSolution
		Debug|Any CPU = Debug|Any CPU
		Release|Any CPU = Release|Any CPU
	EndGlobalSection
	GlobalSection(ProjectConfigurationPlatforms) = postSolution
		{86A320C9-2DD1-40FB-8B57-0BCCE9F377C9}.Debug|Any CPU.ActiveCfg = Debug|Any CPU
		{86A320C9-2DD1-40FB-8B57-0BCCE9F377C9}.Debug|Any CPU.Build.0 = Debug|Any CPU
		{86A320C9-2DD1-40FB-8B57-0BCCE9F377C9}.Release|Any CPU.ActiveCfg = Release|Any CPU
		{86A320C9-2DD1-40FB-8B57-0BCCE9F377C9}.Release|Any CPU.Build.0 = Release|Any CPU
	EndGlobalSection
	GlobalSection(SolutionProperties) = preSolution
		HideSolutionNode = FALSE
	EndGlobalSection
	GlobalSection(ExtensibilityGlobals) = postSolution
		SolutionGuid = {AB73B16A-B3B5-4543-BE3C-63603C65B372}
	EndGlobalSection
EndGlobal
